// !$*UTF8*$!
{
	archiveVersion = 1;
	classes = {
	};
	objectVersion = 50;
	objects = {

/* Begin PBXBuildFile section */
		327B08E223DB95F20098DE9B /* AppDelegate.swift in Sources */ = {isa = PBXBuildFile; fileRef = 327B08E123DB95F20098DE9B /* AppDelegate.swift */; };
		327B08E423DB95F20098DE9B /* SceneDelegate.swift in Sources */ = {isa = PBXBuildFile; fileRef = 327B08E323DB95F20098DE9B /* SceneDelegate.swift */; };
		327B08E623DB95F20098DE9B /* ViewController.swift in Sources */ = {isa = PBXBuildFile; fileRef = 327B08E523DB95F20098DE9B /* ViewController.swift */; };
		327B08E923DB95F20098DE9B /* Main.storyboard in Resources */ = {isa = PBXBuildFile; fileRef = 327B08E723DB95F20098DE9B /* Main.storyboard */; };
		327B08EB23DB95F40098DE9B /* Assets.xcassets in Resources */ = {isa = PBXBuildFile; fileRef = 327B08EA23DB95F40098DE9B /* Assets.xcassets */; };
		327B08EE23DB95F40098DE9B /* LaunchScreen.storyboard in Resources */ = {isa = PBXBuildFile; fileRef = 327B08EC23DB95F40098DE9B /* LaunchScreen.storyboard */; };
		327B08F623DBA2D30098DE9B /* scoutVC.swift in Sources */ = {isa = PBXBuildFile; fileRef = 327B08F523DBA2D30098DE9B /* scoutVC.swift */; };
		327B08F823DBA75B0098DE9B /* Profile.swift in Sources */ = {isa = PBXBuildFile; fileRef = 327B08F723DBA75B0098DE9B /* Profile.swift */; };
/* End PBXBuildFile section */

/* Begin PBXFileReference section */
		327B08DE23DB95F20098DE9B /* Scout.app */ = {isa = PBXFileReference; explicitFileType = wrapper.application; includeInIndex = 0; path = Scout.app; sourceTree = BUILT_PRODUCTS_DIR; };
		327B08E123DB95F20098DE9B /* AppDelegate.swift */ = {isa = PBXFileReference; lastKnownFileType = sourcecode.swift; path = AppDelegate.swift; sourceTree = "<group>"; };
		327B08E323DB95F20098DE9B /* SceneDelegate.swift */ = {isa = PBXFileReference; lastKnownFileType = sourcecode.swift; path = SceneDelegate.swift; sourceTree = "<group>"; };
		327B08E523DB95F20098DE9B /* ViewController.swift */ = {isa = PBXFileReference; lastKnownFileType = sourcecode.swift; path = ViewController.swift; sourceTree = "<group>"; };
		327B08E823DB95F20098DE9B /* Base */ = {isa = PBXFileReference; lastKnownFileType = file.storyboard; name = Base; path = Base.lproj/Main.storyboard; sourceTree = "<group>"; };
		327B08EA23DB95F40098DE9B /* Assets.xcassets */ = {isa = PBXFileReference; lastKnownFileType = folder.assetcatalog; path = Assets.xcassets; sourceTree = "<group>"; };
		327B08ED23DB95F40098DE9B /* Base */ = {isa = PBXFileReference; lastKnownFileType = file.storyboard; name = Base; path = Base.lproj/LaunchScreen.storyboard; sourceTree = "<group>"; };
		327B08EF23DB95F40098DE9B /* Info.plist */ = {isa = PBXFileReference; lastKnownFileType = text.plist.xml; path = Info.plist; sourceTree = "<group>"; };
		327B08F523DBA2D30098DE9B /* scoutVC.swift */ = {isa = PBXFileReference; lastKnownFileType = sourcecode.swift; path = scoutVC.swift; sourceTree = "<group>"; };
		327B08F723DBA75B0098DE9B /* Profile.swift */ = {isa = PBXFileReference; lastKnownFileType = sourcecode.swift; path = Profile.swift; sourceTree = "<group>"; };
/* End PBXFileReference section */

/* Begin PBXFrameworksBuildPhase section */
		327B08DB23DB95F20098DE9B /* Frameworks */ = {
			isa = PBXFrameworksBuildPhase;
			buildActionMask = 2147483647;
			files = (
			);
			runOnlyForDeploymentPostprocessing = 0;
		};
/* End PBXFrameworksBuildPhase section */

/* Begin PBXGroup section */
		327B08D523DB95F20098DE9B = {
			isa = PBXGroup;
			children = (
				327B08E023DB95F20098DE9B /* Scout */,
				327B08DF23DB95F20098DE9B /* Products */,
			);
			sourceTree = "<group>";
		};
		327B08DF23DB95F20098DE9B /* Products */ = {
			isa = PBXGroup;
			children = (
				327B08DE23DB95F20098DE9B /* Scout.app */,
			);
			name = Products;
			sourceTree = "<group>";
		};
		327B08E023DB95F20098DE9B /* Scout */ = {
			isa = PBXGroup;
			children = (
				327B08E123DB95F20098DE9B /* AppDelegate.swift */,
				327B08E323DB95F20098DE9B /* SceneDelegate.swift */,
				327B08E523DB95F20098DE9B /* ViewController.swift */,
				327B08F523DBA2D30098DE9B /* scoutVC.swift */,
				327B08E723DB95F20098DE9B /* Main.storyboard */,
				327B08EA23DB95F40098DE9B /* Assets.xcassets */,
				327B08EC23DB95F40098DE9B /* LaunchScreen.storyboard */,
				327B08EF23DB95F40098DE9B /* Info.plist */,
				327B08F723DBA75B0098DE9B /* Profile.swift */,
			);
			path = Scout;
			sourceTree = "<group>";
		};
/* End PBXGroup section */

/* Begin PBXNativeTarget section */
		327B08DD23DB95F20098DE9B /* Scout */ = {
			isa = PBXNativeTarget;
			buildConfigurationList = 327B08F223DB95F40098DE9B /* Build configuration list for PBXNativeTarget "Scout" */;
			buildPhases = (
				327B08DA23DB95F20098DE9B /* Sources */,
				327B08DB23DB95F20098DE9B /* Frameworks */,
				327B08DC23DB95F20098DE9B /* Resources */,
			);
			buildRules = (
			);
			dependencies = (
			);
			name = Scout;
			productName = Scout;
			productReference = 327B08DE23DB95F20098DE9B /* Scout.app */;
			productType = "com.apple.product-type.application";
		};
/* End PBXNativeTarget section */

/* Begin PBXProject section */
		327B08D623DB95F20098DE9B /* Project object */ = {
			isa = PBXProject;
			attributes = {
				LastSwiftUpdateCheck = 1130;
				LastUpgradeCheck = 1130;
				ORGANIZATIONNAME = "Vedat Bilaloglu";
				TargetAttributes = {
					327B08DD23DB95F20098DE9B = {
						CreatedOnToolsVersion = 11.3.1;
					};
				};
			};
			buildConfigurationList = 327B08D923DB95F20098DE9B /* Build configuration list for PBXProject "Scout" */;
			compatibilityVersion = "Xcode 9.3";
			developmentRegion = en;
			hasScannedForEncodings = 0;
			knownRegions = (
				en,
				Base,
			);
			mainGroup = 327B08D523DB95F20098DE9B;
			productRefGroup = 327B08DF23DB95F20098DE9B /* Products */;
			projectDirPath = "";
			projectRoot = "";
			targets = (
				327B08DD23DB95F20098DE9B /* Scout */,
			);
		};
/* End PBXProject section */

/* Begin PBXResourcesBuildPhase section */
		327B08DC23DB95F20098DE9B /* Resources */ = {
			isa = PBXResourcesBuildPhase;
			buildActionMask = 2147483647;
			files = (
				327B08EE23DB95F40098DE9B /* LaunchScreen.storyboard in Resources */,
				327B08EB23DB95F40098DE9B /* Assets.xcassets in Resources */,
				327B08E923DB95F20098DE9B /* Main.storyboard in Resources */,
			);
			runOnlyForDeploymentPostprocessing = 0;
		};
/* End PBXResourcesBuildPhase section */

/* Begin PBXSourcesBuildPhase section */
		327B08DA23DB95F20098DE9B /* Sources */ = {
			isa = PBXSourcesBuildPhase;
			buildActionMask = 2147483647;
			files = (
				327B08E623DB95F20098DE9B /* ViewController.swift in Sources */,
				327B08F823DBA75B0098DE9B /* Profile.swift in Sources */,
				327B08E223DB95F20098DE9B /* AppDelegate.swift in Sources */,
				327B08E423DB95F20098DE9B /* SceneDelegate.swift in Sources */,
				327B08F623DBA2D30098DE9B /* scoutVC.swift in Sources */,
			);
			runOnlyForDeploymentPostprocessing = 0;
		};
/* End PBXSourcesBuildPhase section */

/* Begin PBXVariantGroup section */
		327B08E723DB95F20098DE9B /* Main.storyboard */ = {
			isa = PBXVariantGroup;
			children = (
				327B08E823DB95F20098DE9B /* Base */,
			);
			name = Main.storyboard;
			sourceTree = "<group>";
		};
		327B08EC23DB95F40098DE9B /* LaunchScreen.storyboard */ = {
			isa = PBXVariantGroup;
			children = (
				327B08ED23DB95F40098DE9B /* Base */,
			);
			name = LaunchScreen.storyboard;
			sourceTree = "<group>";
		};
/* End PBXVariantGroup section */

/* Begin XCBuildConfiguration section */
		327B08F023DB95F40098DE9B /* Debug */ = {
			isa = XCBuildConfiguration;
			buildSettings = {
				ALWAYS_SEARCH_USER_PATHS = NO;
				CLANG_ANALYZER_NONNULL = YES;
				CLANG_ANALYZER_NUMBER_OBJECT_CONVERSION = YES_AGGRESSIVE;
				CLANG_CXX_LANGUAGE_STANDARD = "gnu++14";
				CLANG_CXX_LIBRARY = "libc++";
				CLANG_ENABLE_MODULES = YES;
				CLANG_ENABLE_OBJC_ARC = YES;
				CLANG_ENABLE_OBJC_WEAK = YES;
				CLANG_WARN_BLOCK_CAPTURE_AUTORELEASING = YES;
				CLANG_WARN_BOOL_CONVERSION = YES;
				CLANG_WARN_COMMA = YES;
				CLANG_WARN_CONSTANT_CONVERSION = YES;
				CLANG_WARN_DEPRECATED_OBJC_IMPLEMENTATIONS = YES;
				CLANG_WARN_DIRECT_OBJC_ISA_USAGE = YES_ERROR;
				CLANG_WARN_DOCUMENTATION_COMMENTS = YES;
				CLANG_WARN_EMPTY_BODY = YES;
				CLANG_WARN_ENUM_CONVERSION = YES;
				CLANG_WARN_INFINITE_RECURSION = YES;
				CLANG_WARN_INT_CONVERSION = YES;
				CLANG_WARN_NON_LITERAL_NULL_CONVERSION = YES;
				CLANG_WARN_OBJC_IMPLICIT_RETAIN_SELF = YES;
				CLANG_WARN_OBJC_LITERAL_CONVERSION = YES;
				CLANG_WARN_OBJC_ROOT_CLASS = YES_ERROR;
				CLANG_WARN_RANGE_LOOP_ANALYSIS = YES;
				CLANG_WARN_STRICT_PROTOTYPES = YES;
				CLANG_WARN_SUSPICIOUS_MOVE = YES;
				CLANG_WARN_UNGUARDED_AVAILABILITY = YES_AGGRESSIVE;
				CLANG_WARN_UNREACHABLE_CODE = YES;
				CLANG_WARN__DUPLICATE_METHOD_MATCH = YES;
				COPY_PHASE_STRIP = NO;
				DEBUG_INFORMATION_FORMAT = dwarf;
				ENABLE_STRICT_OBJC_MSGSEND = YES;
				ENABLE_TESTABILITY = YES;
				GCC_C_LANGUAGE_STANDARD = gnu11;
				GCC_DYNAMIC_NO_PIC = NO;
				GCC_NO_COMMON_BLOCKS = YES;
				GCC_OPTIMIZATION_LEVEL = 0;
				GCC_PREPROCESSOR_DEFINITIONS = (
					"DEBUG=1",
					"$(inherited)",
				);
				GCC_WARN_64_TO_32_BIT_CONVERSION = YES;
				GCC_WARN_ABOUT_RETURN_TYPE = YES_ERROR;
				GCC_WARN_UNDECLARED_SELECTOR = YES;
				GCC_WARN_UNINITIALIZED_AUTOS = YES_AGGRESSIVE;
				GCC_WARN_UNUSED_FUNCTION = YES;
				GCC_WARN_UNUSED_VARIABLE = YES;
				IPHONEOS_DEPLOYMENT_TARGET = 13.2;
				MTL_ENABLE_DEBUG_INFO = INCLUDE_SOURCE;
				MTL_FAST_MATH = YES;
				ONLY_ACTIVE_ARCH = YES;
				SDKROOT = iphoneos;
				SWIFT_ACTIVE_COMPILATION_CONDITIONS = DEBUG;
				SWIFT_OPTIMIZATION_LEVEL = "-Onone";
			};
			name = Debug;
		};
		327B08F123DB95F40098DE9B /* Release */ = {
			isa = XCBuildConfiguration;
			buildSettings = {
				ALWAYS_SEARCH_USER_PATHS = NO;
				CLANG_ANALYZER_NONNULL = YES;
				CLANG_ANALYZER_NUMBER_OBJECT_CONVERSION = YES_AGGRESSIVE;
				CLANG_CXX_LANGUAGE_STANDARD = "gnu++14";
				CLANG_CXX_LIBRARY = "libc++";
				CLANG_ENABLE_MODULES = YES;
				CLANG_ENABLE_OBJC_ARC = YES;
				CLANG_ENABLE_OBJC_WEAK = YES;
				CLANG_WARN_BLOCK_CAPTURE_AUTORELEASING = YES;
				CLANG_WARN_BOOL_CONVERSION = YES;
				CLANG_WARN_COMMA = YES;
				CLANG_WARN_CONSTANT_CONVERSION = YES;
				CLANG_WARN_DEPRECATED_OBJC_IMPLEMENTATIONS = YES;
				CLANG_WARN_DIRECT_OBJC_ISA_USAGE = YES_ERROR;
				CLANG_WARN_DOCUMENTATION_COMMENTS = YES;
				CLANG_WARN_EMPTY_BODY = YES;
				CLANG_WARN_ENUM_CONVERSION = YES;
				CLANG_WARN_INFINITE_RECURSION = YES;
				CLANG_WARN_INT_CONVERSION = YES;
				CLANG_WARN_NON_LITERAL_NULL_CONVERSION = YES;
				CLANG_WARN_OBJC_IMPLICIT_RETAIN_SELF = YES;
				CLANG_WARN_OBJC_LITERAL_CONVERSION = YES;
				CLANG_WARN_OBJC_ROOT_CLASS = YES_ERROR;
				CLANG_WARN_RANGE_LOOP_ANALYSIS = YES;
				CLANG_WARN_STRICT_PROTOTYPES = YES;
				CLANG_WARN_SUSPICIOUS_MOVE = YES;
				CLANG_WARN_UNGUARDED_AVAILABILITY = YES_AGGRESSIVE;
				CLANG_WARN_UNREACHABLE_CODE = YES;
				CLANG_WARN__DUPLICATE_METHOD_MATCH = YES;
				COPY_PHASE_STRIP = NO;
				DEBUG_INFORMATION_FORMAT = "dwarf-with-dsym";
				ENABLE_NS_ASSERTIONS = NO;
				ENABLE_STRICT_OBJC_MSGSEND = YES;
				GCC_C_LANGUAGE_STANDARD = gnu11;
				GCC_NO_COMMON_BLOCKS = YES;
				GCC_WARN_64_TO_32_BIT_CONVERSION = YES;
				GCC_WARN_ABOUT_RETURN_TYPE = YES_ERROR;
				GCC_WARN_UNDECLARED_SELECTOR = YES;
				GCC_WARN_UNINITIALIZED_AUTOS = YES_AGGRESSIVE;
				GCC_WARN_UNUSED_FUNCTION = YES;
				GCC_WARN_UNUSED_VARIABLE = YES;
				IPHONEOS_DEPLOYMENT_TARGET = 13.2;
				MTL_ENABLE_DEBUG_INFO = NO;
				MTL_FAST_MATH = YES;
				SDKROOT = iphoneos;
				SWIFT_COMPILATION_MODE = wholemodule;
				SWIFT_OPTIMIZATION_LEVEL = "-O";
				VALIDATE_PRODUCT = YES;
			};
			name = Release;
		};
		327B08F323DB95F40098DE9B /* Debug */ = {
			isa = XCBuildConfiguration;
			buildSettings = {
				ASSETCATALOG_COMPILER_APPICON_NAME = AppIcon;
				CODE_SIGN_STYLE = Automatic;
				DEVELOPMENT_TEAM = B6QFMTJG7G;
				INFOPLIST_FILE = Scout/Info.plist;
				LD_RUNPATH_SEARCH_PATHS = (
					"$(inherited)",
					"@executable_path/Frameworks",
				);
				PRODUCT_BUNDLE_IDENTIFIER = com.vedatbilaloglu.Scout;
				PRODUCT_NAME = "$(TARGET_NAME)";
				SWIFT_VERSION = 5.0;
				TARGETED_DEVICE_FAMILY = "1,2";
			};
			name = Debug;
		};
		327B08F423DB95F40098DE9B /* Release */ = {
			isa = XCBuildConfiguration;
			buildSettings = {
				ASSETCATALOG_COMPILER_APPICON_NAME = AppIcon;
				CODE_SIGN_STYLE = Automatic;
				DEVELOPMENT_TEAM = B6QFMTJG7G;
				INFOPLIST_FILE = Scout/Info.plist;
				LD_RUNPATH_SEARCH_PATHS = (
					"$(inherited)",
					"@executable_path/Frameworks",
				);
				PRODUCT_BUNDLE_IDENTIFIER = com.vedatbilaloglu.Scout;
				PRODUCT_NAME = "$(TARGET_NAME)";
				SWIFT_VERSION = 5.0;
				TARGETED_DEVICE_FAMILY = "1,2";
			};
			name = Release;
		};
/* End XCBuildConfiguration section */

/* Begin XCConfigurationList section */
		327B08D923DB95F20098DE9B /* Build configuration list for PBXProject "Scout" */ = {
			isa = XCConfigurationList;
			buildConfigurations = (
				327B08F023DB95F40098DE9B /* Debug */,
				327B08F123DB95F40098DE9B /* Release */,
			);
			defaultConfigurationIsVisible = 0;
			defaultConfigurationName = Release;
		};
		327B08F223DB95F40098DE9B /* Build configuration list for PBXNativeTarget "Scout" */ = {
			isa = XCConfigurationList;
			buildConfigurations = (
				327B08F323DB95F40098DE9B /* Debug */,
				327B08F423DB95F40098DE9B /* Release */,
			);
			defaultConfigurationIsVisible = 0;
			defaultConfigurationName = Release;
		};
/* End XCConfigurationList section */
	};
	rootObject = 327B08D623DB95F20098DE9B /* Project object */;
}
